
Microsoft Visual Studio Solution File, Format Version 12.00
# Visual Studio Version 17
VisualStudioVersion = 17.5.33502.453
MinimumVisualStudioVersion = 10.0.40219.1
Project("{FAE04EC0-301F-11D3-BF4B-00C04F79EFBC}") = "ApiCoreCrudDepartamentos", "ApiCoreCrudDepartamentos\ApiCoreCrudDepartamentos.csproj", "{7F90733F-CB8C-4B00-8C36-802CB1633921}"
EndProject
Global
	GlobalSection(SolutionConfigurationPlatforms) = preSolution
		Debug|Any CPU = Debug|Any CPU
		Release|Any CPU = Release|Any CPU
	EndGlobalSection
	GlobalSection(ProjectConfigurationPlatforms) = postSolution
		{7F90733F-CB8C-4B00-8C36-802CB1633921}.Debug|Any CPU.ActiveCfg = Debug|Any CPU
		{7F90733F-CB8C-4B00-8C36-802CB1633921}.Debug|Any CPU.Build.0 = Debug|Any CPU
		{7F90733F-CB8C-4B00-8C36-802CB1633921}.Release|Any CPU.ActiveCfg = Release|Any CPU
		{7F90733F-CB8C-4B00-8C36-802CB1633921}.Release|Any CPU.Build.0 = Release|Any CPU
	EndGlobalSection
	GlobalSection(SolutionProperties) = preSolution
		HideSolutionNode = FALSE
	EndGlobalSection
	GlobalSection(ExtensibilityGlobals) = postSolution
		SolutionGuid = {1DD9E60A-E199-46AF-91C2-8AC4E3F9F652}
	EndGlobalSection
EndGlobal
